// !$*UTF8*$!
{
	archiveVersion = 1;
	classes = {
	};
	objectVersion = 46;
	objects = {

/* Begin PBXBuildFile section */
		50116D031A47CDBF00E9260B /* AppDelegate.swift in Sources */ = {isa = PBXBuildFile; fileRef = 50116D021A47CDBF00E9260B /* AppDelegate.swift */; };
		50116D061A47CDBF00E9260B /* InventoryWithArchiving.xcdatamodeld in Sources */ = {isa = PBXBuildFile; fileRef = 50116D041A47CDBF00E9260B /* InventoryWithArchiving.xcdatamodeld */; };
		50116D081A47CDBF00E9260B /* ViewController.swift in Sources */ = {isa = PBXBuildFile; fileRef = 50116D071A47CDBF00E9260B /* ViewController.swift */; };
		50116D0B1A47CDBF00E9260B /* Main.storyboard in Resources */ = {isa = PBXBuildFile; fileRef = 50116D091A47CDBF00E9260B /* Main.storyboard */; };
		50116D0D1A47CDBF00E9260B /* Images.xcassets in Resources */ = {isa = PBXBuildFile; fileRef = 50116D0C1A47CDBF00E9260B /* Images.xcassets */; };
		50116D101A47CDBF00E9260B /* LaunchScreen.xib in Resources */ = {isa = PBXBuildFile; fileRef = 50116D0E1A47CDBF00E9260B /* LaunchScreen.xib */; };
		50116D1C1A47CDBF00E9260B /* InventoryWithArchivingTests.swift in Sources */ = {isa = PBXBuildFile; fileRef = 50116D1B1A47CDBF00E9260B /* InventoryWithArchivingTests.swift */; };
		50116D281A47D2F500E9260B /* Inventory.swift in Sources */ = {isa = PBXBuildFile; fileRef = 50116D271A47D2F500E9260B /* Inventory.swift */; };
		50116D2A1A47D33100E9260B /* Item.swift in Sources */ = {isa = PBXBuildFile; fileRef = 50116D291A47D33100E9260B /* Item.swift */; };
		50116D2C1A47DD8E00E9260B /* functions.swift in Sources */ = {isa = PBXBuildFile; fileRef = 50116D2B1A47DD8E00E9260B /* functions.swift */; };
		5033D2F21A5CF872008DCF4A /* stars.jpg in Resources */ = {isa = PBXBuildFile; fileRef = 5033D2F11A5CF872008DCF4A /* stars.jpg */; };
		50A7A1A71A5E2A1000B4EFEA /* nothing_to_see_here.jpg in Resources */ = {isa = PBXBuildFile; fileRef = 50A7A1A61A5E2A1000B4EFEA /* nothing_to_see_here.jpg */; };
		50CA2ED41A4A9C2F00B15140 /* Load.swift in Sources */ = {isa = PBXBuildFile; fileRef = 50CA2ED31A4A9C2F00B15140 /* Load.swift */; };
/* End PBXBuildFile section */

/* Begin PBXContainerItemProxy section */
		50116D161A47CDBF00E9260B /* PBXContainerItemProxy */ = {
			isa = PBXContainerItemProxy;
			containerPortal = 50116CF51A47CDBF00E9260B /* Project object */;
			proxyType = 1;
			remoteGlobalIDString = 50116CFC1A47CDBF00E9260B;
			remoteInfo = InventoryWithArchiving;
		};
/* End PBXContainerItemProxy section */

/* Begin PBXFileReference section */
		50116CFD1A47CDBF00E9260B /* InventoryWithArchiving.app */ = {isa = PBXFileReference; explicitFileType = wrapper.application; includeInIndex = 0; path = InventoryWithArchiving.app; sourceTree = BUILT_PRODUCTS_DIR; };
		50116D011A47CDBF00E9260B /* Info.plist */ = {isa = PBXFileReference; lastKnownFileType = text.plist.xml; path = Info.plist; sourceTree = "<group>"; };
		50116D021A47CDBF00E9260B /* AppDelegate.swift */ = {isa = PBXFileReference; lastKnownFileType = sourcecode.swift; path = AppDelegate.swift; sourceTree = "<group>"; };
		50116D051A47CDBF00E9260B /* InventoryWithArchiving.xcdatamodel */ = {isa = PBXFileReference; lastKnownFileType = wrapper.xcdatamodel; path = InventoryWithArchiving.xcdatamodel; sourceTree = "<group>"; };
		50116D071A47CDBF00E9260B /* ViewController.swift */ = {isa = PBXFileReference; lastKnownFileType = sourcecode.swift; path = ViewController.swift; sourceTree = "<group>"; };
		50116D0A1A47CDBF00E9260B /* Base */ = {isa = PBXFileReference; lastKnownFileType = file.storyboard; name = Base; path = Base.lproj/Main.storyboard; sourceTree = "<group>"; };
		50116D0C1A47CDBF00E9260B /* Images.xcassets */ = {isa = PBXFileReference; lastKnownFileType = folder.assetcatalog; path = Images.xcassets; sourceTree = "<group>"; };
		50116D0F1A47CDBF00E9260B /* Base */ = {isa = PBXFileReference; lastKnownFileType = file.xib; name = Base; path = Base.lproj/LaunchScreen.xib; sourceTree = "<group>"; };
		50116D151A47CDBF00E9260B /* InventoryWithArchivingTests.xctest */ = {isa = PBXFileReference; explicitFileType = wrapper.cfbundle; includeInIndex = 0; path = InventoryWithArchivingTests.xctest; sourceTree = BUILT_PRODUCTS_DIR; };
		50116D1A1A47CDBF00E9260B /* Info.plist */ = {isa = PBXFileReference; lastKnownFileType = text.plist.xml; path = Info.plist; sourceTree = "<group>"; };
		50116D1B1A47CDBF00E9260B /* InventoryWithArchivingTests.swift */ = {isa = PBXFileReference; lastKnownFileType = sourcecode.swift; path = InventoryWithArchivingTests.swift; sourceTree = "<group>"; };
		50116D271A47D2F500E9260B /* Inventory.swift */ = {isa = PBXFileReference; fileEncoding = 4; lastKnownFileType = sourcecode.swift; path = Inventory.swift; sourceTree = "<group>"; };
		50116D291A47D33100E9260B /* Item.swift */ = {isa = PBXFileReference; fileEncoding = 4; lastKnownFileType = sourcecode.swift; path = Item.swift; sourceTree = "<group>"; };
		50116D2B1A47DD8E00E9260B /* functions.swift */ = {isa = PBXFileReference; fileEncoding = 4; lastKnownFileType = sourcecode.swift; path = functions.swift; sourceTree = "<group>"; };
		5033D2F11A5CF872008DCF4A /* stars.jpg */ = {isa = PBXFileReference; lastKnownFileType = image.jpeg; path = stars.jpg; sourceTree = "<group>"; };
		50A7A1A61A5E2A1000B4EFEA /* nothing_to_see_here.jpg */ = {isa = PBXFileReference; lastKnownFileType = image.jpeg; path = nothing_to_see_here.jpg; sourceTree = "<group>"; };
		50CA2ED31A4A9C2F00B15140 /* Load.swift */ = {isa = PBXFileReference; fileEncoding = 4; lastKnownFileType = sourcecode.swift; path = Load.swift; sourceTree = "<group>"; };
/* End PBXFileReference section */

/* Begin PBXFrameworksBuildPhase section */
		50116CFA1A47CDBF00E9260B /* Frameworks */ = {
			isa = PBXFrameworksBuildPhase;
			buildActionMask = 2147483647;
			files = (
			);
			runOnlyForDeploymentPostprocessing = 0;
		};
		50116D121A47CDBF00E9260B /* Frameworks */ = {
			isa = PBXFrameworksBuildPhase;
			buildActionMask = 2147483647;
			files = (
			);
			runOnlyForDeploymentPostprocessing = 0;
		};
/* End PBXFrameworksBuildPhase section */

/* Begin PBXGroup section */
		50116CF41A47CDBF00E9260B = {
			isa = PBXGroup;
			children = (
				50116CFF1A47CDBF00E9260B /* InventoryWithArchiving */,
				50116D181A47CDBF00E9260B /* InventoryWithArchivingTests */,
				50116CFE1A47CDBF00E9260B /* Products */,
			);
			sourceTree = "<group>";
		};
		50116CFE1A47CDBF00E9260B /* Products */ = {
			isa = PBXGroup;
			children = (
				50116CFD1A47CDBF00E9260B /* InventoryWithArchiving.app */,
				50116D151A47CDBF00E9260B /* InventoryWithArchivingTests.xctest */,
			);
			name = Products;
			sourceTree = "<group>";
		};
		50116CFF1A47CDBF00E9260B /* InventoryWithArchiving */ = {
			isa = PBXGroup;
			children = (
				50116D021A47CDBF00E9260B /* AppDelegate.swift */,
				50116D071A47CDBF00E9260B /* ViewController.swift */,
				50CA2ED31A4A9C2F00B15140 /* Load.swift */,
				5033D2F11A5CF872008DCF4A /* stars.jpg */,
				50A7A1A61A5E2A1000B4EFEA /* nothing_to_see_here.jpg */,
				50116D2B1A47DD8E00E9260B /* functions.swift */,
				50116D091A47CDBF00E9260B /* Main.storyboard */,
				50116D271A47D2F500E9260B /* Inventory.swift */,
				50116D291A47D33100E9260B /* Item.swift */,
				50116D0C1A47CDBF00E9260B /* Images.xcassets */,
				50116D0E1A47CDBF00E9260B /* LaunchScreen.xib */,
				50116D041A47CDBF00E9260B /* InventoryWithArchiving.xcdatamodeld */,
				50116D001A47CDBF00E9260B /* Supporting Files */,
			);
			path = InventoryWithArchiving;
			sourceTree = "<group>";
		};
		50116D001A47CDBF00E9260B /* Supporting Files */ = {
			isa = PBXGroup;
			children = (
				50116D011A47CDBF00E9260B /* Info.plist */,
			);
			name = "Supporting Files";
			sourceTree = "<group>";
		};
		50116D181A47CDBF00E9260B /* InventoryWithArchivingTests */ = {
			isa = PBXGroup;
			children = (
				50116D1B1A47CDBF00E9260B /* InventoryWithArchivingTests.swift */,
				50116D191A47CDBF00E9260B /* Supporting Files */,
			);
			path = InventoryWithArchivingTests;
			sourceTree = "<group>";
		};
		50116D191A47CDBF00E9260B /* Supporting Files */ = {
			isa = PBXGroup;
			children = (
				50116D1A1A47CDBF00E9260B /* Info.plist */,
			);
			name = "Supporting Files";
			sourceTree = "<group>";
		};
/* End PBXGroup section */

/* Begin PBXNativeTarget section */
		50116CFC1A47CDBF00E9260B /* InventoryWithArchiving */ = {
			isa = PBXNativeTarget;
			buildConfigurationList = 50116D1F1A47CDBF00E9260B /* Build configuration list for PBXNativeTarget "InventoryWithArchiving" */;
			buildPhases = (
				50116CF91A47CDBF00E9260B /* Sources */,
				50116CFA1A47CDBF00E9260B /* Frameworks */,
				50116CFB1A47CDBF00E9260B /* Resources */,
			);
			buildRules = (
			);
			dependencies = (
			);
			name = InventoryWithArchiving;
			productName = InventoryWithArchiving;
			productReference = 50116CFD1A47CDBF00E9260B /* InventoryWithArchiving.app */;
			productType = "com.apple.product-type.application";
		};
		50116D141A47CDBF00E9260B /* InventoryWithArchivingTests */ = {
			isa = PBXNativeTarget;
			buildConfigurationList = 50116D221A47CDBF00E9260B /* Build configuration list for PBXNativeTarget "InventoryWithArchivingTests" */;
			buildPhases = (
				50116D111A47CDBF00E9260B /* Sources */,
				50116D121A47CDBF00E9260B /* Frameworks */,
				50116D131A47CDBF00E9260B /* Resources */,
			);
			buildRules = (
			);
			dependencies = (
				50116D171A47CDBF00E9260B /* PBXTargetDependency */,
			);
			name = InventoryWithArchivingTests;
			productName = InventoryWithArchivingTests;
			productReference = 50116D151A47CDBF00E9260B /* InventoryWithArchivingTests.xctest */;
			productType = "com.apple.product-type.bundle.unit-test";
		};
/* End PBXNativeTarget section */

/* Begin PBXProject section */
		50116CF51A47CDBF00E9260B /* Project object */ = {
			isa = PBXProject;
			attributes = {
				LastUpgradeCheck = 0610;
				ORGANIZATIONNAME = "Razvigor Andreev";
				TargetAttributes = {
					50116CFC1A47CDBF00E9260B = {
						CreatedOnToolsVersion = 6.1;
					};
					50116D141A47CDBF00E9260B = {
						CreatedOnToolsVersion = 6.1;
						TestTargetID = 50116CFC1A47CDBF00E9260B;
					};
				};
			};
			buildConfigurationList = 50116CF81A47CDBF00E9260B /* Build configuration list for PBXProject "InventoryWithArchiving" */;
			compatibilityVersion = "Xcode 3.2";
			developmentRegion = English;
			hasScannedForEncodings = 0;
			knownRegions = (
				en,
				Base,
			);
			mainGroup = 50116CF41A47CDBF00E9260B;
			productRefGroup = 50116CFE1A47CDBF00E9260B /* Products */;
			projectDirPath = "";
			projectRoot = "";
			targets = (
				50116CFC1A47CDBF00E9260B /* InventoryWithArchiving */,
				50116D141A47CDBF00E9260B /* InventoryWithArchivingTests */,
			);
		};
/* End PBXProject section */

/* Begin PBXResourcesBuildPhase section */
		50116CFB1A47CDBF00E9260B /* Resources */ = {
			isa = PBXResourcesBuildPhase;
			buildActionMask = 2147483647;
			files = (
				50116D0B1A47CDBF00E9260B /* Main.storyboard in Resources */,
				5033D2F21A5CF872008DCF4A /* stars.jpg in Resources */,
				50116D101A47CDBF00E9260B /* LaunchScreen.xib in Resources */,
				50A7A1A71A5E2A1000B4EFEA /* nothing_to_see_here.jpg in Resources */,
				50116D0D1A47CDBF00E9260B /* Images.xcassets in Resources */,
			);
			runOnlyForDeploymentPostprocessing = 0;
		};
		50116D131A47CDBF00E9260B /* Resources */ = {
			isa = PBXResourcesBuildPhase;
			buildActionMask = 2147483647;
			files = (
			);
			runOnlyForDeploymentPostprocessing = 0;
		};
/* End PBXResourcesBuildPhase section */

/* Begin PBXSourcesBuildPhase section */
		50116CF91A47CDBF00E9260B /* Sources */ = {
			isa = PBXSourcesBuildPhase;
			buildActionMask = 2147483647;
			files = (
				50116D2A1A47D33100E9260B /* Item.swift in Sources */,
				50116D281A47D2F500E9260B /* Inventory.swift in Sources */,
				50116D081A47CDBF00E9260B /* ViewController.swift in Sources */,
				50116D061A47CDBF00E9260B /* InventoryWithArchiving.xcdatamodeld in Sources */,
				50116D031A47CDBF00E9260B /* AppDelegate.swift in Sources */,
				50CA2ED41A4A9C2F00B15140 /* Load.swift in Sources */,
				50116D2C1A47DD8E00E9260B /* functions.swift in Sources */,
			);
			runOnlyForDeploymentPostprocessing = 0;
		};
		50116D111A47CDBF00E9260B /* Sources */ = {
			isa = PBXSourcesBuildPhase;
			buildActionMask = 2147483647;
			files = (
				50116D1C1A47CDBF00E9260B /* InventoryWithArchivingTests.swift in Sources */,
			);
			runOnlyForDeploymentPostprocessing = 0;
		};
/* End PBXSourcesBuildPhase section */

/* Begin PBXTargetDependency section */
		50116D171A47CDBF00E9260B /* PBXTargetDependency */ = {
			isa = PBXTargetDependency;
			target = 50116CFC1A47CDBF00E9260B /* InventoryWithArchiving */;
			targetProxy = 50116D161A47CDBF00E9260B /* PBXContainerItemProxy */;
		};
/* End PBXTargetDependency section */

/* Begin PBXVariantGroup section */
		50116D091A47CDBF00E9260B /* Main.storyboard */ = {
			isa = PBXVariantGroup;
			children = (
				50116D0A1A47CDBF00E9260B /* Base */,
			);
			name = Main.storyboard;
			sourceTree = "<group>";
		};
		50116D0E1A47CDBF00E9260B /* LaunchScreen.xib */ = {
			isa = PBXVariantGroup;
			children = (
				50116D0F1A47CDBF00E9260B /* Base */,
			);
			name = LaunchScreen.xib;
			sourceTree = "<group>";
		};
/* End PBXVariantGroup section */

/* Begin XCBuildConfiguration section */
		50116D1D1A47CDBF00E9260B /* Debug */ = {
			isa = XCBuildConfiguration;
			buildSettings = {
				ALWAYS_SEARCH_USER_PATHS = NO;
				CLANG_CXX_LANGUAGE_STANDARD = "gnu++0x";
				CLANG_CXX_LIBRARY = "libc++";
				CLANG_ENABLE_MODULES = YES;
				CLANG_ENABLE_OBJC_ARC = YES;
				CLANG_WARN_BOOL_CONVERSION = YES;
				CLANG_WARN_CONSTANT_CONVERSION = YES;
				CLANG_WARN_DIRECT_OBJC_ISA_USAGE = YES_ERROR;
				CLANG_WARN_EMPTY_BODY = YES;
				CLANG_WARN_ENUM_CONVERSION = YES;
				CLANG_WARN_INT_CONVERSION = YES;
				CLANG_WARN_OBJC_ROOT_CLASS = YES_ERROR;
				CLANG_WARN_UNREACHABLE_CODE = YES;
				CLANG_WARN__DUPLICATE_METHOD_MATCH = YES;
				"CODE_SIGN_IDENTITY[sdk=iphoneos*]" = "iPhone Developer";
				COPY_PHASE_STRIP = NO;
				ENABLE_STRICT_OBJC_MSGSEND = YES;
				GCC_C_LANGUAGE_STANDARD = gnu99;
				GCC_DYNAMIC_NO_PIC = NO;
				GCC_OPTIMIZATION_LEVEL = 0;
				GCC_PREPROCESSOR_DEFINITIONS = (
					"DEBUG=1",
					"$(inherited)",
				);
				GCC_SYMBOLS_PRIVATE_EXTERN = NO;
				GCC_WARN_64_TO_32_BIT_CONVERSION = YES;
				GCC_WARN_ABOUT_RETURN_TYPE = YES_ERROR;
				GCC_WARN_UNDECLARED_SELECTOR = YES;
				GCC_WARN_UNINITIALIZED_AUTOS = YES_AGGRESSIVE;
				GCC_WARN_UNUSED_FUNCTION = YES;
				GCC_WARN_UNUSED_VARIABLE = YES;
				IPHONEOS_DEPLOYMENT_TARGET = 8.1;
				MTL_ENABLE_DEBUG_INFO = YES;
				ONLY_ACTIVE_ARCH = YES;
				SDKROOT = iphoneos;
				SWIFT_OPTIMIZATION_LEVEL = "-Onone";
			};
			name = Debug;
		};
		50116D1E1A47CDBF00E9260B /* Release */ = {
			isa = XCBuildConfiguration;
			buildSettings = {
				ALWAYS_SEARCH_USER_PATHS = NO;
				CLANG_CXX_LANGUAGE_STANDARD = "gnu++0x";
				CLANG_CXX_LIBRARY = "libc++";
				CLANG_ENABLE_MODULES = YES;
				CLANG_ENABLE_OBJC_ARC = YES;
				CLANG_WARN_BOOL_CONVERSION = YES;
				CLANG_WARN_CONSTANT_CONVERSION = YES;
				CLANG_WARN_DIRECT_OBJC_ISA_USAGE = YES_ERROR;
				CLANG_WARN_EMPTY_BODY = YES;
				CLANG_WARN_ENUM_CONVERSION = YES;
				CLANG_WARN_INT_CONVERSION = YES;
				CLANG_WARN_OBJC_ROOT_CLASS = YES_ERROR;
				CLANG_WARN_UNREACHABLE_CODE = YES;
				CLANG_WARN__DUPLICATE_METHOD_MATCH = YES;
				"CODE_SIGN_IDENTITY[sdk=iphoneos*]" = "iPhone Developer";
				COPY_PHASE_STRIP = YES;
				ENABLE_NS_ASSERTIONS = NO;
				ENABLE_STRICT_OBJC_MSGSEND = YES;
				GCC_C_LANGUAGE_STANDARD = gnu99;
				GCC_WARN_64_TO_32_BIT_CONVERSION = YES;
				GCC_WARN_ABOUT_RETURN_TYPE = YES_ERROR;
				GCC_WARN_UNDECLARED_SELECTOR = YES;
				GCC_WARN_UNINITIALIZED_AUTOS = YES_AGGRESSIVE;
				GCC_WARN_UNUSED_FUNCTION = YES;
				GCC_WARN_UNUSED_VARIABLE = YES;
				IPHONEOS_DEPLOYMENT_TARGET = 8.1;
				MTL_ENABLE_DEBUG_INFO = NO;
				SDKROOT = iphoneos;
				VALIDATE_PRODUCT = YES;
			};
			name = Release;
		};
		50116D201A47CDBF00E9260B /* Debug */ = {
			isa = XCBuildConfiguration;
			buildSettings = {
				ASSETCATALOG_COMPILER_APPICON_NAME = AppIcon;
				INFOPLIST_FILE = InventoryWithArchiving/Info.plist;
				LD_RUNPATH_SEARCH_PATHS = "$(inherited) @executable_path/Frameworks";
				PRODUCT_NAME = "$(TARGET_NAME)";
			};
			name = Debug;
		};
		50116D211A47CDBF00E9260B /* Release */ = {
			isa = XCBuildConfiguration;
			buildSettings = {
				ASSETCATALOG_COMPILER_APPICON_NAME = AppIcon;
				INFOPLIST_FILE = InventoryWithArchiving/Info.plist;
				LD_RUNPATH_SEARCH_PATHS = "$(inherited) @executable_path/Frameworks";
				PRODUCT_NAME = "$(TARGET_NAME)";
			};
			name = Release;
		};
		50116D231A47CDBF00E9260B /* Debug */ = {
			isa = XCBuildConfiguration;
			buildSettings = {
				BUNDLE_LOADER = "$(TEST_HOST)";
				FRAMEWORK_SEARCH_PATHS = (
					"$(SDKROOT)/Developer/Library/Frameworks",
					"$(inherited)",
				);
				GCC_PREPROCESSOR_DEFINITIONS = (
					"DEBUG=1",
					"$(inherited)",
				);
				INFOPLIST_FILE = InventoryWithArchivingTests/Info.plist;
				LD_RUNPATH_SEARCH_PATHS = "$(inherited) @executable_path/Frameworks @loader_path/Frameworks";
				PRODUCT_NAME = "$(TARGET_NAME)";
				TEST_HOST = "$(BUILT_PRODUCTS_DIR)/InventoryWithArchiving.app/InventoryWithArchiving";
			};
			name = Debug;
		};
		50116D241A47CDBF00E9260B /* Release */ = {
			isa = XCBuildConfiguration;
			buildSettings = {
				BUNDLE_LOADER = "$(TEST_HOST)";
				FRAMEWORK_SEARCH_PATHS = (
					"$(SDKROOT)/Developer/Library/Frameworks",
					"$(inherited)",
				);
				INFOPLIST_FILE = InventoryWithArchivingTests/Info.plist;
				LD_RUNPATH_SEARCH_PATHS = "$(inherited) @executable_path/Frameworks @loader_path/Frameworks";
				PRODUCT_NAME = "$(TARGET_NAME)";
				TEST_HOST = "$(BUILT_PRODUCTS_DIR)/InventoryWithArchiving.app/InventoryWithArchiving";
			};
			name = Release;
		};
/* End XCBuildConfiguration section */

/* Begin XCConfigurationList section */
		50116CF81A47CDBF00E9260B /* Build configuration list for PBXProject "InventoryWithArchiving" */ = {
			isa = XCConfigurationList;
			buildConfigurations = (
				50116D1D1A47CDBF00E9260B /* Debug */,
				50116D1E1A47CDBF00E9260B /* Release */,
			);
			defaultConfigurationIsVisible = 0;
			defaultConfigurationName = Release;
		};
		50116D1F1A47CDBF00E9260B /* Build configuration list for PBXNativeTarget "InventoryWithArchiving" */ = {
			isa = XCConfigurationList;
			buildConfigurations = (
				50116D201A47CDBF00E9260B /* Debug */,
				50116D211A47CDBF00E9260B /* Release */,
			);
			defaultConfigurationIsVisible = 0;
			defaultConfigurationName = Release;
		};
		50116D221A47CDBF00E9260B /* Build configuration list for PBXNativeTarget "InventoryWithArchivingTests" */ = {
			isa = XCConfigurationList;
			buildConfigurations = (
				50116D231A47CDBF00E9260B /* Debug */,
				50116D241A47CDBF00E9260B /* Release */,
			);
			defaultConfigurationIsVisible = 0;
			defaultConfigurationName = Release;
		};
/* End XCConfigurationList section */

/* Begin XCVersionGroup section */
		50116D041A47CDBF00E9260B /* InventoryWithArchiving.xcdatamodeld */ = {
			isa = XCVersionGroup;
			children = (
				50116D051A47CDBF00E9260B /* InventoryWithArchiving.xcdatamodel */,
			);
			currentVersion = 50116D051A47CDBF00E9260B /* InventoryWithArchiving.xcdatamodel */;
			path = InventoryWithArchiving.xcdatamodeld;
			sourceTree = "<group>";
			versionGroupType = wrapper.xcdatamodel;
		};
/* End XCVersionGroup section */
	};
	rootObject = 50116CF51A47CDBF00E9260B /* Project object */;
}
